
Microsoft Visual Studio Solution File, Format Version 12.00
# Visual Studio 15
VisualStudioVersion = 15.0.27703.2042
MinimumVisualStudioVersion = 10.0.40219.1
Project("{FAE04EC0-301F-11D3-BF4B-00C04F79EFBC}") = "WebAnalyzer", "WebAnalyzer\WebAnalyzer.csproj", "{D12F331A-B6CF-4788-8DCD-0F12A4989B96}"
EndProject
Project("{FAE04EC0-301F-11D3-BF4B-00C04F79EFBC}") = "WebAnalyzer.Core", "WebAnalyzer.Core\WebAnalyzer.Core.csproj", "{6CD8D41F-B27B-4453-84D4-A79C0ED2906F}"
EndProject
Project("{FAE04EC0-301F-11D3-BF4B-00C04F79EFBC}") = "WebAnalyzer.Contracts", "WebAnalyzer.Contracts\WebAnalyzer.Contracts.csproj", "{F532169F-229C-496B-9F40-25F68328204E}"
EndProject
Global
	GlobalSection(SolutionConfigurationPlatforms) = preSolution
		Debug|Any CPU = Debug|Any CPU
		Release|Any CPU = Release|Any CPU
	EndGlobalSection
	GlobalSection(ProjectConfigurationPlatforms) = postSolution
		{D12F331A-B6CF-4788-8DCD-0F12A4989B96}.Debug|Any CPU.ActiveCfg = Debug|Any CPU
		{D12F331A-B6CF-4788-8DCD-0F12A4989B96}.Debug|Any CPU.Build.0 = Debug|Any CPU
		{D12F331A-B6CF-4788-8DCD-0F12A4989B96}.Release|Any CPU.ActiveCfg = Release|Any CPU
		{D12F331A-B6CF-4788-8DCD-0F12A4989B96}.Release|Any CPU.Build.0 = Release|Any CPU
		{6CD8D41F-B27B-4453-84D4-A79C0ED2906F}.Debug|Any CPU.ActiveCfg = Debug|Any CPU
		{6CD8D41F-B27B-4453-84D4-A79C0ED2906F}.Debug|Any CPU.Build.0 = Debug|Any CPU
		{6CD8D41F-B27B-4453-84D4-A79C0ED2906F}.Release|Any CPU.ActiveCfg = Release|Any CPU
		{6CD8D41F-B27B-4453-84D4-A79C0ED2906F}.Release|Any CPU.Build.0 = Release|Any CPU
		{F532169F-229C-496B-9F40-25F68328204E}.Debug|Any CPU.ActiveCfg = Debug|Any CPU
		{F532169F-229C-496B-9F40-25F68328204E}.Debug|Any CPU.Build.0 = Debug|Any CPU
		{F532169F-229C-496B-9F40-25F68328204E}.Release|Any CPU.ActiveCfg = Release|Any CPU
		{F532169F-229C-496B-9F40-25F68328204E}.Release|Any CPU.Build.0 = Release|Any CPU
	EndGlobalSection
	GlobalSection(SolutionProperties) = preSolution
		HideSolutionNode = FALSE
	EndGlobalSection
	GlobalSection(ExtensibilityGlobals) = postSolution
		SolutionGuid = {29D02AB4-4463-4B79-A5E1-0BFFCCF6D11E}
	EndGlobalSection
EndGlobal
